{
  "name": "project",
  "lockfileVersion": 3,
  "requires": true,
  "packages": {
    "": {
      "dependencies": {
        "datatables.net-dt": "^2.2.2",
        "jquery": "^3.7.1",
        "simple-datatables": "^9.2.2"
      }
    },
    "node_modules/datatables.net": {
      "version": "2.2.2",
      "resolved": "https://registry.npmjs.org/datatables.net/-/datatables.net-2.2.2.tgz",
      "integrity": "sha512-gfODIKE3gpgbVeZy2QGj2Dq9roO6hy00S+k1knklrqlMyAMrh1wt0Q6ryBUM7gU96U77ysbq8dYhxFdmcC/oPQ==",
      "license": "MIT",
      "dependencies": {
        "jquery": ">=1.7"
      }
    },
    "node_modules/datatables.net-dt": {
      "version": "2.2.2",
      "resolved": "https://registry.npmjs.org/datatables.net-dt/-/datatables.net-dt-2.2.2.tgz",
      "integrity": "sha512-Qfe9g/E3yAPTHoDASc1J0r5Yx++3Y3VdcEOFCupvfGJ8LhRrreebUC70UYEzO8vPOKnkutoRanW/VBMRIbXKXA==",
      "license": "MIT",
      "dependencies": {
        "datatables.net": "2.2.2",
        "jquery": ">=1.7"
      }
    },
    "node_modules/dayjs": {
      "version": "1.11.13",
      "resolved": "https://registry.npmjs.org/dayjs/-/dayjs-1.11.13.tgz",
      "integrity": "sha512-oaMBel6gjolK862uaPQOVTA7q3TZhuSvuMQAAglQDOWYO9A91IrAOUJEyKVlqJlHE0vq5p5UXxzdPfMH/x6xNg==",
      "license": "MIT"
    },
    "node_modules/diff-dom": {
      "version": "5.1.4",
      "resolved": "https://registry.npmjs.org/diff-dom/-/diff-dom-5.1.4.tgz",
      "integrity": "sha512-TSEaVdVGictY1KHg7VpVw2nuM02YKC9C8/qBkGiCnkiAybVbu1zQTMj2/dnVLRO7Z62UsqzHGpXweiOj5/jaZg==",
      "license": "LGPL-3.0"
    },
    "node_modules/jquery": {
      "version": "3.7.1",
      "resolved": "https://registry.npmjs.org/jquery/-/jquery-3.7.1.tgz",
      "integrity": "sha512-m4avr8yL8kmFN8psrbFFFmB/If14iN5o9nw/NgnnM+kybDJpRsAynV2BsfpTYrTRysYUdADVD7CkUUizgkpLfg==",
      "license": "MIT"
    },
    "node_modules/simple-datatables": {
      "version": "9.2.2",
      "resolved": "https://registry.npmjs.org/simple-datatables/-/simple-datatables-9.2.2.tgz",
      "integrity": "sha512-FgGJIblxM3aR+VdueglTHvZuN3R2D/q1HM272G3EcNVeUb+b9J8aWdtxoPZtKoUqmOdxc7IYWrM1HW+mi2Oq8A==",
      "license": "LGPL-3.0",
      "dependencies": {
        "dayjs": "^1.11.10",
        "diff-dom": "^5.1.3"
      }
    }
  }
}
